// !$*UTF8*$!
{
	archiveVersion = 1;
	classes = {
	};
	objectVersion = 46;
	objects = {

/* Begin PBXBuildFile section */
		2E6D9E3D1908832A00924354 /* textbubblepic.png in Resources */ = {isa = PBXBuildFile; fileRef = 2E6D9E3C1908832A00924354 /* textbubblepic.png */; };
		2EDDD04A19006E8900A581E6 /* InfoWindow.xib in Resources */ = {isa = PBXBuildFile; fileRef = 2EDDD04919006E8900A581E6 /* InfoWindow.xib */; };
		2EDDD04E19006EEF00A581E6 /* CustomInfoWindow.m in Sources */ = {isa = PBXBuildFile; fileRef = 2EDDD04D19006EEF00A581E6 /* CustomInfoWindow.m */; };
		2EDDD0541900C0A000A581E6 /* Building.m in Sources */ = {isa = PBXBuildFile; fileRef = 2EDDD0531900C0A000A581E6 /* Building.m */; };
		2EDDD0561900C39E00A581E6 /* buildingList.txt in Resources */ = {isa = PBXBuildFile; fileRef = 2EDDD0551900C39E00A581E6 /* buildingList.txt */; };
		2EDDD05A1900D13600A581E6 /* Building.xcdatamodeld in Sources */ = {isa = PBXBuildFile; fileRef = 2EDDD0581900D13600A581E6 /* Building.xcdatamodeld */; };
		2EDDD05B1900D7C600A581E6 /* Building.xcdatamodeld in Resources */ = {isa = PBXBuildFile; fileRef = 2EDDD0581900D13600A581E6 /* Building.xcdatamodeld */; };
		2EDDD0641900E9F600A581E6 /* BuildingDescriptionViewController.m in Sources */ = {isa = PBXBuildFile; fileRef = 2EDDD0631900E9F600A581E6 /* BuildingDescriptionViewController.m */; };
		2EDDD0661901ECCD00A581E6 /* routesList.txt in Resources */ = {isa = PBXBuildFile; fileRef = 2EDDD0651901ECCD00A581E6 /* routesList.txt */; };
		2EDDD0691901F4CD00A581E6 /* Route.m in Sources */ = {isa = PBXBuildFile; fileRef = 2EDDD0681901F4CD00A581E6 /* Route.m */; };
		2EDF006819043ED20033D0D8 /* DirectionsViewController.m in Sources */ = {isa = PBXBuildFile; fileRef = 2EDF006719043ED20033D0D8 /* DirectionsViewController.m */; };
		2EEAD45618FF46EE0075274E /* GoogleMaps.framework in Frameworks */ = {isa = PBXBuildFile; fileRef = 2EEAD45518FF46EE0075274E /* GoogleMaps.framework */; };
		2EEAD45818FF471C0075274E /* GoogleMaps.bundle in Resources */ = {isa = PBXBuildFile; fileRef = 2EEAD45718FF471C0075274E /* GoogleMaps.bundle */; };
		2EEAD45A18FF472B0075274E /* AVFoundation.framework in Frameworks */ = {isa = PBXBuildFile; fileRef = 2EEAD45918FF472B0075274E /* AVFoundation.framework */; };
		2EEAD45C18FF47360075274E /* CoreData.framework in Frameworks */ = {isa = PBXBuildFile; fileRef = 2EEAD45B18FF47360075274E /* CoreData.framework */; };
		2EEAD45E18FF473E0075274E /* CoreLocation.framework in Frameworks */ = {isa = PBXBuildFile; fileRef = 2EEAD45D18FF473E0075274E /* CoreLocation.framework */; };
		2EEAD46018FF47460075274E /* CoreText.framework in Frameworks */ = {isa = PBXBuildFile; fileRef = 2EEAD45F18FF47460075274E /* CoreText.framework */; };
		2EEAD46218FF474F0075274E /* GLKit.framework in Frameworks */ = {isa = PBXBuildFile; fileRef = 2EEAD46118FF474F0075274E /* GLKit.framework */; };
		2EEAD46418FF47560075274E /* ImageIO.framework in Frameworks */ = {isa = PBXBuildFile; fileRef = 2EEAD46318FF47560075274E /* ImageIO.framework */; };
		2EEAD46618FF47630075274E /* libc++.dylib in Frameworks */ = {isa = PBXBuildFile; fileRef = 2EEAD46518FF47630075274E /* libc++.dylib */; };
		2EEAD46818FF47760075274E /* libicucore.dylib in Frameworks */ = {isa = PBXBuildFile; fileRef = 2EEAD46718FF47760075274E /* libicucore.dylib */; };
		2EEAD46A18FF477C0075274E /* libz.dylib in Frameworks */ = {isa = PBXBuildFile; fileRef = 2EEAD46918FF477C0075274E /* libz.dylib */; };
		2EEAD46C18FF47840075274E /* OpenGLES.framework in Frameworks */ = {isa = PBXBuildFile; fileRef = 2EEAD46B18FF47840075274E /* OpenGLES.framework */; };
		2EEAD46E18FF478C0075274E /* QuartzCore.framework in Frameworks */ = {isa = PBXBuildFile; fileRef = 2EEAD46D18FF478C0075274E /* QuartzCore.framework */; };
		2EEAD47018FF47A00075274E /* SystemConfiguration.framework in Frameworks */ = {isa = PBXBuildFile; fileRef = 2EEAD46F18FF47A00075274E /* SystemConfiguration.framework */; };
		2EEAD47318FF49290075274E /* DisplayTourMapViewController.m in Sources */ = {isa = PBXBuildFile; fileRef = 2EEAD47218FF49290075274E /* DisplayTourMapViewController.m */; };
		2EEAD47B18FF4ED30075274E /* newLocation.gpx in Resources */ = {isa = PBXBuildFile; fileRef = 2EEAD47A18FF4ED30075274E /* newLocation.gpx */; };
		2EEAD47D18FF4F380075274E /* MapKit.framework in Frameworks */ = {isa = PBXBuildFile; fileRef = 2EEAD47C18FF4F380075274E /* MapKit.framework */; };
		2EEAD48018FF5E5A0075274E /* Landmark.m in Sources */ = {isa = PBXBuildFile; fileRef = 2EEAD47F18FF5E5A0075274E /* Landmark.m */; };
		2EEAD48318FF5E9D0075274E /* MDDirectionService.m in Sources */ = {isa = PBXBuildFile; fileRef = 2EEAD48218FF5E9D0075274E /* MDDirectionService.m */; };
		651D670B18B925F20017A465 /* Foundation.framework in Frameworks */ = {isa = PBXBuildFile; fileRef = 651D670A18B925F20017A465 /* Foundation.framework */; };
		651D670D18B925F20017A465 /* CoreGraphics.framework in Frameworks */ = {isa = PBXBuildFile; fileRef = 651D670C18B925F20017A465 /* CoreGraphics.framework */; };
		651D670F18B925F20017A465 /* UIKit.framework in Frameworks */ = {isa = PBXBuildFile; fileRef = 651D670E18B925F20017A465 /* UIKit.framework */; };
		651D671518B925F20017A465 /* InfoPlist.strings in Resources */ = {isa = PBXBuildFile; fileRef = 651D671318B925F20017A465 /* InfoPlist.strings */; };
		651D671718B925F20017A465 /* main.m in Sources */ = {isa = PBXBuildFile; fileRef = 651D671618B925F20017A465 /* main.m */; };
		651D671B18B925F20017A465 /* AppDelegate.m in Sources */ = {isa = PBXBuildFile; fileRef = 651D671A18B925F20017A465 /* AppDelegate.m */; };
		651D671E18B925F20017A465 /* Main.storyboard in Resources */ = {isa = PBXBuildFile; fileRef = 651D671C18B925F20017A465 /* Main.storyboard */; };
		651D672118B925F20017A465 /* ViewController.m in Sources */ = {isa = PBXBuildFile; fileRef = 651D672018B925F20017A465 /* ViewController.m */; };
		651D672318B925F20017A465 /* Images.xcassets in Resources */ = {isa = PBXBuildFile; fileRef = 651D672218B925F20017A465 /* Images.xcassets */; };
		651D672A18B925F20017A465 /* XCTest.framework in Frameworks */ = {isa = PBXBuildFile; fileRef = 651D672918B925F20017A465 /* XCTest.framework */; };
		651D672B18B925F20017A465 /* Foundation.framework in Frameworks */ = {isa = PBXBuildFile; fileRef = 651D670A18B925F20017A465 /* Foundation.framework */; };
		651D672C18B925F20017A465 /* UIKit.framework in Frameworks */ = {isa = PBXBuildFile; fileRef = 651D670E18B925F20017A465 /* UIKit.framework */; };
		651D673418B925F20017A465 /* InfoPlist.strings in Resources */ = {isa = PBXBuildFile; fileRef = 651D673218B925F20017A465 /* InfoPlist.strings */; };
		651D673618B925F20017A465 /* cwru_tourTests.m in Sources */ = {isa = PBXBuildFile; fileRef = 651D673518B925F20017A465 /* cwru_tourTests.m */; };
		651D674118BA70800017A465 /* BuildingsViewController.m in Sources */ = {isa = PBXBuildFile; fileRef = 651D674018BA70800017A465 /* BuildingsViewController.m */; };
		6570269118C15C8200B3E41D /* TourViewController.m in Sources */ = {isa = PBXBuildFile; fileRef = 6570269018C15C8200B3E41D /* TourViewController.m */; };
		6570269418C1601300B3E41D /* AboutInfoViewController.m in Sources */ = {isa = PBXBuildFile; fileRef = 6570269318C1601300B3E41D /* AboutInfoViewController.m */; };
		6570269718C2A64A00B3E41D /* college-photo_8808..jpg in Resources */ = {isa = PBXBuildFile; fileRef = 6570269618C2A64A00B3E41D /* college-photo_8808..jpg */; };
		65836A5918E06B970002FAD1 /* cwruSunTestPic.png in Resources */ = {isa = PBXBuildFile; fileRef = 65836A5818E06B970002FAD1 /* cwruSunTestPic.png */; };
		65965F551905E76D00A9FD32 /* freeroam_cwrutour_edited.png in Resources */ = {isa = PBXBuildFile; fileRef = 65965F531905E76D00A9FD32 /* freeroam_cwrutour_edited.png */; };
		65965F561905E76D00A9FD32 /* guided_tour_cwrutour_edited.png in Resources */ = {isa = PBXBuildFile; fileRef = 65965F541905E76D00A9FD32 /* guided_tour_cwrutour_edited.png */; };
		65965F581905E79300A9FD32 /* sign_up_cwrutour_edited.png in Resources */ = {isa = PBXBuildFile; fileRef = 65965F571905E79300A9FD32 /* sign_up_cwrutour_edited.png */; };
		65965F5A1905E8E500A9FD32 /* city_tab_cwrutour.png in Resources */ = {isa = PBXBuildFile; fileRef = 65965F591905E8E500A9FD32 /* city_tab_cwrutour.png */; };
		65965F5C1905E8FA00A9FD32 /* risingsun_tab_cwrutour.png in Resources */ = {isa = PBXBuildFile; fileRef = 65965F5B1905E8FA00A9FD32 /* risingsun_tab_cwrutour.png */; };
		65965F5F1905E98C00A9FD32 /* cwrutourlog_tab_cwrutour.png in Resources */ = {isa = PBXBuildFile; fileRef = 65965F5E1905E98C00A9FD32 /* cwrutourlog_tab_cwrutour.png */; };
		65965F6719071B4000A9FD32 /* mappin__tab_cwrutour.png in Resources */ = {isa = PBXBuildFile; fileRef = 65965F6619071B4000A9FD32 /* mappin__tab_cwrutour.png */; };
		65CB7D7A18CB9A54008CA02E /* GuidedTourViewController.m in Sources */ = {isa = PBXBuildFile; fileRef = 65CB7D7918CB9A54008CA02E /* GuidedTourViewController.m */; };
		65CB7D7D18CB9A84008CA02E /* FreeRoamViewController.m in Sources */ = {isa = PBXBuildFile; fileRef = 65CB7D7C18CB9A84008CA02E /* FreeRoamViewController.m */; };
		65D28E9B18F1E5EA00A922E8 /* ksl_cwrutour_edited.png in Resources */ = {isa = PBXBuildFile; fileRef = 65D28E9A18F1E5EA00A922E8 /* ksl_cwrutour_edited.png */; };
		65D28E9D18F1F0FB00A922E8 /* binary_walkway_cwrutour_general.png in Resources */ = {isa = PBXBuildFile; fileRef = 65D28E9C18F1F0FB00A922E8 /* binary_walkway_cwrutour_general.png */; };
		65D28EA518F222CA00A922E8 /* pbl_cwrutour_edited.png in Resources */ = {isa = PBXBuildFile; fileRef = 65D28EA418F222CA00A922E8 /* pbl_cwrutour_edited.png */; };
		65D28EA718F226CD00A922E8 /* students_with_church_cwrutour_edited.png in Resources */ = {isa = PBXBuildFile; fileRef = 65D28EA618F226CD00A922E8 /* students_with_church_cwrutour_edited.png */; };
		65D28EA918F229FC00A922E8 /* cleveland_cwrutour_edited.png in Resources */ = {isa = PBXBuildFile; fileRef = 65D28EA818F229FC00A922E8 /* cleveland_cwrutour_edited.png */; };
		65D4CF2D1907527A00C02A76 /* campusLife.html in Resources */ = {isa = PBXBuildFile; fileRef = 65D4CF281907527A00C02A76 /* campusLife.html */; };
		65D4CF2E1907527A00C02A76 /* clevelandInfo.html in Resources */ = {isa = PBXBuildFile; fileRef = 65D4CF291907527A00C02A76 /* clevelandInfo.html */; };
		65D4CF2F1907527A00C02A76 /* fastFacts.html in Resources */ = {isa = PBXBuildFile; fileRef = 65D4CF2A1907527A00C02A76 /* fastFacts.html */; };
		65D4CF301907527A00C02A76 /* generalAbout.html in Resources */ = {isa = PBXBuildFile; fileRef = 65D4CF2B1907527A00C02A76 /* generalAbout.html */; };
		65D4CF311907527A00C02A76 /* missionInfo.html in Resources */ = {isa = PBXBuildFile; fileRef = 65D4CF2C1907527A00C02A76 /* missionInfo.html */; };
		65D4CF341907555200C02A76 /* titlepage_cwrutour_edited.png in Resources */ = {isa = PBXBuildFile; fileRef = 65D4CF331907555200C02A76 /* titlepage_cwrutour_edited.png */; };
		65D4CF3A190760DB00C02A76 /* city_tab_cwrutour_take2.png in Resources */ = {isa = PBXBuildFile; fileRef = 65D4CF39190760DB00C02A76 /* city_tab_cwrutour_take2.png */; };
		65DADEC518FEFCFA00C124CC /* GeneralInfoViewController.m in Sources */ = {isa = PBXBuildFile; fileRef = 65DADEC418FEFCFA00C124CC /* GeneralInfoViewController.m */; };
		65DADECE18FF055300C124CC /* FastFactsViewController.m in Sources */ = {isa = PBXBuildFile; fileRef = 65DADECD18FF055300C124CC /* FastFactsViewController.m */; };
		65DADED118FF05A600C124CC /* ClevelandInfoViewController.m in Sources */ = {isa = PBXBuildFile; fileRef = 65DADED018FF05A600C124CC /* ClevelandInfoViewController.m */; };
		65DADED718FF060300C124CC /* MissionInfoViewController.m in Sources */ = {isa = PBXBuildFile; fileRef = 65DADED618FF060300C124CC /* MissionInfoViewController.m */; };
		65DADEDA18FF064C00C124CC /* CampusLifeInfoViewController.m in Sources */ = {isa = PBXBuildFile; fileRef = 65DADED918FF064C00C124CC /* CampusLifeInfoViewController.m */; };
/* End PBXBuildFile section */

/* Begin PBXContainerItemProxy section */
		651D672D18B925F20017A465 /* PBXContainerItemProxy */ = {
			isa = PBXContainerItemProxy;
			containerPortal = 651D66FF18B925F20017A465 /* Project object */;
			proxyType = 1;
			remoteGlobalIDString = 651D670618B925F20017A465;
			remoteInfo = cwru_tour;
		};
/* End PBXContainerItemProxy section */

/* Begin PBXFileReference section */
		2E6D9E3C1908832A00924354 /* textbubblepic.png */ = {isa = PBXFileReference; lastKnownFileType = image.png; path = textbubblepic.png; sourceTree = "<group>"; };
		2EDDD04919006E8900A581E6 /* InfoWindow.xib */ = {isa = PBXFileReference; fileEncoding = 4; lastKnownFileType = file.xib; path = InfoWindow.xib; sourceTree = "<group>"; };
		2EDDD04C19006EEF00A581E6 /* CustomInfoWindow.h */ = {isa = PBXFileReference; fileEncoding = 4; lastKnownFileType = sourcecode.c.h; path = CustomInfoWindow.h; sourceTree = "<group>"; };
		2EDDD04D19006EEF00A581E6 /* CustomInfoWindow.m */ = {isa = PBXFileReference; fileEncoding = 4; lastKnownFileType = sourcecode.c.objc; path = CustomInfoWindow.m; sourceTree = "<group>"; };
		2EDDD0521900C0A000A581E6 /* Building.h */ = {isa = PBXFileReference; fileEncoding = 4; lastKnownFileType = sourcecode.c.h; path = Building.h; sourceTree = "<group>"; };
		2EDDD0531900C0A000A581E6 /* Building.m */ = {isa = PBXFileReference; fileEncoding = 4; lastKnownFileType = sourcecode.c.objc; path = Building.m; sourceTree = "<group>"; };
		2EDDD0551900C39E00A581E6 /* buildingList.txt */ = {isa = PBXFileReference; fileEncoding = 4; lastKnownFileType = text; path = buildingList.txt; sourceTree = "<group>"; };
		2EDDD0591900D13600A581E6 /* Building.xcdatamodel */ = {isa = PBXFileReference; lastKnownFileType = wrapper.xcdatamodel; path = Building.xcdatamodel; sourceTree = "<group>"; };
		2EDDD0621900E9F600A581E6 /* BuildingDescriptionViewController.h */ = {isa = PBXFileReference; fileEncoding = 4; lastKnownFileType = sourcecode.c.h; name = BuildingDescriptionViewController.h; path = ../BuildingDescriptionViewController.h; sourceTree = "<group>"; };
		2EDDD0631900E9F600A581E6 /* BuildingDescriptionViewController.m */ = {isa = PBXFileReference; fileEncoding = 4; lastKnownFileType = sourcecode.c.objc; name = BuildingDescriptionViewController.m; path = ../BuildingDescriptionViewController.m; sourceTree = "<group>"; };
		2EDDD0651901ECCD00A581E6 /* routesList.txt */ = {isa = PBXFileReference; fileEncoding = 4; lastKnownFileType = text; path = routesList.txt; sourceTree = "<group>"; };
		2EDDD0671901F4CD00A581E6 /* Route.h */ = {isa = PBXFileReference; fileEncoding = 4; lastKnownFileType = sourcecode.c.h; path = Route.h; sourceTree = "<group>"; };
		2EDDD0681901F4CD00A581E6 /* Route.m */ = {isa = PBXFileReference; fileEncoding = 4; lastKnownFileType = sourcecode.c.objc; path = Route.m; sourceTree = "<group>"; };
		2EDF006619043ED20033D0D8 /* DirectionsViewController.h */ = {isa = PBXFileReference; fileEncoding = 4; lastKnownFileType = sourcecode.c.h; path = DirectionsViewController.h; sourceTree = "<group>"; };
		2EDF006719043ED20033D0D8 /* DirectionsViewController.m */ = {isa = PBXFileReference; fileEncoding = 4; lastKnownFileType = sourcecode.c.objc; path = DirectionsViewController.m; sourceTree = "<group>"; };
		2EEAD45518FF46EE0075274E /* GoogleMaps.framework */ = {isa = PBXFileReference; lastKnownFileType = wrapper.framework; path = GoogleMaps.framework; sourceTree = "<group>"; };
		2EEAD45718FF471C0075274E /* GoogleMaps.bundle */ = {isa = PBXFileReference; lastKnownFileType = "wrapper.plug-in"; name = GoogleMaps.bundle; path = GoogleMaps.framework/Versions/A/Resources/GoogleMaps.bundle; sourceTree = "<group>"; };
		2EEAD45918FF472B0075274E /* AVFoundation.framework */ = {isa = PBXFileReference; lastKnownFileType = wrapper.framework; name = AVFoundation.framework; path = System/Library/Frameworks/AVFoundation.framework; sourceTree = SDKROOT; };
		2EEAD45B18FF47360075274E /* CoreData.framework */ = {isa = PBXFileReference; lastKnownFileType = wrapper.framework; name = CoreData.framework; path = System/Library/Frameworks/CoreData.framework; sourceTree = SDKROOT; };
		2EEAD45D18FF473E0075274E /* CoreLocation.framework */ = {isa = PBXFileReference; lastKnownFileType = wrapper.framework; name = CoreLocation.framework; path = System/Library/Frameworks/CoreLocation.framework; sourceTree = SDKROOT; };
		2EEAD45F18FF47460075274E /* CoreText.framework */ = {isa = PBXFileReference; lastKnownFileType = wrapper.framework; name = CoreText.framework; path = System/Library/Frameworks/CoreText.framework; sourceTree = SDKROOT; };
		2EEAD46118FF474F0075274E /* GLKit.framework */ = {isa = PBXFileReference; lastKnownFileType = wrapper.framework; name = GLKit.framework; path = System/Library/Frameworks/GLKit.framework; sourceTree = SDKROOT; };
		2EEAD46318FF47560075274E /* ImageIO.framework */ = {isa = PBXFileReference; lastKnownFileType = wrapper.framework; name = ImageIO.framework; path = System/Library/Frameworks/ImageIO.framework; sourceTree = SDKROOT; };
		2EEAD46518FF47630075274E /* libc++.dylib */ = {isa = PBXFileReference; lastKnownFileType = "compiled.mach-o.dylib"; name = "libc++.dylib"; path = "usr/lib/libc++.dylib"; sourceTree = SDKROOT; };
		2EEAD46718FF47760075274E /* libicucore.dylib */ = {isa = PBXFileReference; lastKnownFileType = "compiled.mach-o.dylib"; name = libicucore.dylib; path = usr/lib/libicucore.dylib; sourceTree = SDKROOT; };
		2EEAD46918FF477C0075274E /* libz.dylib */ = {isa = PBXFileReference; lastKnownFileType = "compiled.mach-o.dylib"; name = libz.dylib; path = usr/lib/libz.dylib; sourceTree = SDKROOT; };
		2EEAD46B18FF47840075274E /* OpenGLES.framework */ = {isa = PBXFileReference; lastKnownFileType = wrapper.framework; name = OpenGLES.framework; path = System/Library/Frameworks/OpenGLES.framework; sourceTree = SDKROOT; };
		2EEAD46D18FF478C0075274E /* QuartzCore.framework */ = {isa = PBXFileReference; lastKnownFileType = wrapper.framework; name = QuartzCore.framework; path = System/Library/Frameworks/QuartzCore.framework; sourceTree = SDKROOT; };
		2EEAD46F18FF47A00075274E /* SystemConfiguration.framework */ = {isa = PBXFileReference; lastKnownFileType = wrapper.framework; name = SystemConfiguration.framework; path = System/Library/Frameworks/SystemConfiguration.framework; sourceTree = SDKROOT; };
		2EEAD47118FF49290075274E /* DisplayTourMapViewController.h */ = {isa = PBXFileReference; fileEncoding = 4; lastKnownFileType = sourcecode.c.h; path = DisplayTourMapViewController.h; sourceTree = "<group>"; };
		2EEAD47218FF49290075274E /* DisplayTourMapViewController.m */ = {isa = PBXFileReference; fileEncoding = 4; lastKnownFileType = sourcecode.c.objc; path = DisplayTourMapViewController.m; sourceTree = "<group>"; };
		2EEAD47A18FF4ED30075274E /* newLocation.gpx */ = {isa = PBXFileReference; fileEncoding = 4; lastKnownFileType = text.xml; path = newLocation.gpx; sourceTree = "<group>"; };
		2EEAD47C18FF4F380075274E /* MapKit.framework */ = {isa = PBXFileReference; lastKnownFileType = wrapper.framework; name = MapKit.framework; path = System/Library/Frameworks/MapKit.framework; sourceTree = SDKROOT; };
		2EEAD47E18FF5E5A0075274E /* Landmark.h */ = {isa = PBXFileReference; fileEncoding = 4; lastKnownFileType = sourcecode.c.h; path = Landmark.h; sourceTree = "<group>"; };
		2EEAD47F18FF5E5A0075274E /* Landmark.m */ = {isa = PBXFileReference; fileEncoding = 4; lastKnownFileType = sourcecode.c.objc; path = Landmark.m; sourceTree = "<group>"; };
		2EEAD48118FF5E9D0075274E /* MDDirectionService.h */ = {isa = PBXFileReference; fileEncoding = 4; lastKnownFileType = sourcecode.c.h; path = MDDirectionService.h; sourceTree = "<group>"; };
		2EEAD48218FF5E9D0075274E /* MDDirectionService.m */ = {isa = PBXFileReference; fileEncoding = 4; lastKnownFileType = sourcecode.c.objc; path = MDDirectionService.m; sourceTree = "<group>"; };
		651D670718B925F20017A465 /* cwru_tour.app */ = {isa = PBXFileReference; explicitFileType = wrapper.application; includeInIndex = 0; path = cwru_tour.app; sourceTree = BUILT_PRODUCTS_DIR; };
		651D670A18B925F20017A465 /* Foundation.framework */ = {isa = PBXFileReference; lastKnownFileType = wrapper.framework; name = Foundation.framework; path = System/Library/Frameworks/Foundation.framework; sourceTree = SDKROOT; };
		651D670C18B925F20017A465 /* CoreGraphics.framework */ = {isa = PBXFileReference; lastKnownFileType = wrapper.framework; name = CoreGraphics.framework; path = System/Library/Frameworks/CoreGraphics.framework; sourceTree = SDKROOT; };
		651D670E18B925F20017A465 /* UIKit.framework */ = {isa = PBXFileReference; lastKnownFileType = wrapper.framework; name = UIKit.framework; path = System/Library/Frameworks/UIKit.framework; sourceTree = SDKROOT; };
		651D671218B925F20017A465 /* cwru_tour-Info.plist */ = {isa = PBXFileReference; lastKnownFileType = text.plist.xml; path = "cwru_tour-Info.plist"; sourceTree = "<group>"; };
		651D671418B925F20017A465 /* en */ = {isa = PBXFileReference; lastKnownFileType = text.plist.strings; name = en; path = en.lproj/InfoPlist.strings; sourceTree = "<group>"; };
		651D671618B925F20017A465 /* main.m */ = {isa = PBXFileReference; lastKnownFileType = sourcecode.c.objc; path = main.m; sourceTree = "<group>"; };
		651D671818B925F20017A465 /* cwru_tour-Prefix.pch */ = {isa = PBXFileReference; lastKnownFileType = sourcecode.c.h; path = "cwru_tour-Prefix.pch"; sourceTree = "<group>"; };
		651D671918B925F20017A465 /* AppDelegate.h */ = {isa = PBXFileReference; lastKnownFileType = sourcecode.c.h; path = AppDelegate.h; sourceTree = "<group>"; };
		651D671A18B925F20017A465 /* AppDelegate.m */ = {isa = PBXFileReference; lastKnownFileType = sourcecode.c.objc; path = AppDelegate.m; sourceTree = "<group>"; };
		651D671D18B925F20017A465 /* Base */ = {isa = PBXFileReference; lastKnownFileType = file.storyboard; name = Base; path = Base.lproj/Main.storyboard; sourceTree = "<group>"; };
		651D671F18B925F20017A465 /* ViewController.h */ = {isa = PBXFileReference; lastKnownFileType = sourcecode.c.h; path = ViewController.h; sourceTree = "<group>"; };
		651D672018B925F20017A465 /* ViewController.m */ = {isa = PBXFileReference; lastKnownFileType = sourcecode.c.objc; path = ViewController.m; sourceTree = "<group>"; };
		651D672218B925F20017A465 /* Images.xcassets */ = {isa = PBXFileReference; lastKnownFileType = folder.assetcatalog; path = Images.xcassets; sourceTree = "<group>"; };
		651D672818B925F20017A465 /* cwru_tourTests.xctest */ = {isa = PBXFileReference; explicitFileType = wrapper.cfbundle; includeInIndex = 0; path = cwru_tourTests.xctest; sourceTree = BUILT_PRODUCTS_DIR; };
		651D672918B925F20017A465 /* XCTest.framework */ = {isa = PBXFileReference; lastKnownFileType = wrapper.framework; name = XCTest.framework; path = Library/Frameworks/XCTest.framework; sourceTree = DEVELOPER_DIR; };
		651D673118B925F20017A465 /* cwru_tourTests-Info.plist */ = {isa = PBXFileReference; lastKnownFileType = text.plist.xml; path = "cwru_tourTests-Info.plist"; sourceTree = "<group>"; };
		651D673318B925F20017A465 /* en */ = {isa = PBXFileReference; lastKnownFileType = text.plist.strings; name = en; path = en.lproj/InfoPlist.strings; sourceTree = "<group>"; };
		651D673518B925F20017A465 /* cwru_tourTests.m */ = {isa = PBXFileReference; lastKnownFileType = sourcecode.c.objc; path = cwru_tourTests.m; sourceTree = "<group>"; };
		651D673F18BA70800017A465 /* BuildingsViewController.h */ = {isa = PBXFileReference; fileEncoding = 4; lastKnownFileType = sourcecode.c.h; path = BuildingsViewController.h; sourceTree = "<group>"; };
		651D674018BA70800017A465 /* BuildingsViewController.m */ = {isa = PBXFileReference; fileEncoding = 4; lastKnownFileType = sourcecode.c.objc; path = BuildingsViewController.m; sourceTree = "<group>"; };
		6570268F18C15C8200B3E41D /* TourViewController.h */ = {isa = PBXFileReference; fileEncoding = 4; lastKnownFileType = sourcecode.c.h; path = TourViewController.h; sourceTree = "<group>"; };
		6570269018C15C8200B3E41D /* TourViewController.m */ = {isa = PBXFileReference; fileEncoding = 4; lastKnownFileType = sourcecode.c.objc; path = TourViewController.m; sourceTree = "<group>"; };
		6570269218C1601300B3E41D /* AboutInfoViewController.h */ = {isa = PBXFileReference; fileEncoding = 4; lastKnownFileType = sourcecode.c.h; path = AboutInfoViewController.h; sourceTree = "<group>"; };
		6570269318C1601300B3E41D /* AboutInfoViewController.m */ = {isa = PBXFileReference; fileEncoding = 4; lastKnownFileType = sourcecode.c.objc; path = AboutInfoViewController.m; sourceTree = "<group>"; };
		6570269618C2A64A00B3E41D /* college-photo_8808..jpg */ = {isa = PBXFileReference; lastKnownFileType = image.jpeg; path = "college-photo_8808..jpg"; sourceTree = "<group>"; };
		65836A5818E06B970002FAD1 /* cwruSunTestPic.png */ = {isa = PBXFileReference; lastKnownFileType = image.png; path = cwruSunTestPic.png; sourceTree = "<group>"; };
		65965F531905E76D00A9FD32 /* freeroam_cwrutour_edited.png */ = {isa = PBXFileReference; lastKnownFileType = image.png; path = freeroam_cwrutour_edited.png; sourceTree = "<group>"; };
		65965F541905E76D00A9FD32 /* guided_tour_cwrutour_edited.png */ = {isa = PBXFileReference; lastKnownFileType = image.png; path = guided_tour_cwrutour_edited.png; sourceTree = "<group>"; };
		65965F571905E79300A9FD32 /* sign_up_cwrutour_edited.png */ = {isa = PBXFileReference; lastKnownFileType = image.png; path = sign_up_cwrutour_edited.png; sourceTree = "<group>"; };
		65965F591905E8E500A9FD32 /* city_tab_cwrutour.png */ = {isa = PBXFileReference; lastKnownFileType = image.png; path = city_tab_cwrutour.png; sourceTree = "<group>"; };
		65965F5B1905E8FA00A9FD32 /* risingsun_tab_cwrutour.png */ = {isa = PBXFileReference; lastKnownFileType = image.png; path = risingsun_tab_cwrutour.png; sourceTree = "<group>"; };
		65965F5E1905E98C00A9FD32 /* cwrutourlog_tab_cwrutour.png */ = {isa = PBXFileReference; lastKnownFileType = image.png; path = cwrutourlog_tab_cwrutour.png; sourceTree = "<group>"; };
		65965F6619071B4000A9FD32 /* mappin__tab_cwrutour.png */ = {isa = PBXFileReference; lastKnownFileType = image.png; name = mappin__tab_cwrutour.png; path = ../mappin__tab_cwrutour.png; sourceTree = "<group>"; };
		65CB7D7818CB9A54008CA02E /* GuidedTourViewController.h */ = {isa = PBXFileReference; fileEncoding = 4; lastKnownFileType = sourcecode.c.h; path = GuidedTourViewController.h; sourceTree = "<group>"; };
		65CB7D7918CB9A54008CA02E /* GuidedTourViewController.m */ = {isa = PBXFileReference; fileEncoding = 4; lastKnownFileType = sourcecode.c.objc; path = GuidedTourViewController.m; sourceTree = "<group>"; };
		65CB7D7B18CB9A84008CA02E /* FreeRoamViewController.h */ = {isa = PBXFileReference; fileEncoding = 4; lastKnownFileType = sourcecode.c.h; path = FreeRoamViewController.h; sourceTree = "<group>"; };
		65CB7D7C18CB9A84008CA02E /* FreeRoamViewController.m */ = {isa = PBXFileReference; fileEncoding = 4; lastKnownFileType = sourcecode.c.objc; path = FreeRoamViewController.m; sourceTree = "<group>"; };
		65D28E9A18F1E5EA00A922E8 /* ksl_cwrutour_edited.png */ = {isa = PBXFileReference; lastKnownFileType = image.png; path = ksl_cwrutour_edited.png; sourceTree = "<group>"; };
		65D28E9C18F1F0FB00A922E8 /* binary_walkway_cwrutour_general.png */ = {isa = PBXFileReference; lastKnownFileType = image.png; name = binary_walkway_cwrutour_general.png; path = ../binary_walkway_cwrutour_general.png; sourceTree = "<group>"; };
		65D28EA418F222CA00A922E8 /* pbl_cwrutour_edited.png */ = {isa = PBXFileReference; lastKnownFileType = image.png; path = pbl_cwrutour_edited.png; sourceTree = "<group>"; };
		65D28EA618F226CD00A922E8 /* students_with_church_cwrutour_edited.png */ = {isa = PBXFileReference; lastKnownFileType = image.png; path = students_with_church_cwrutour_edited.png; sourceTree = "<group>"; };
		65D28EA818F229FC00A922E8 /* cleveland_cwrutour_edited.png */ = {isa = PBXFileReference; lastKnownFileType = image.png; path = cleveland_cwrutour_edited.png; sourceTree = "<group>"; };
		65D4CF281907527A00C02A76 /* campusLife.html */ = {isa = PBXFileReference; fileEncoding = 4; lastKnownFileType = text.html; name = campusLife.html; path = ../campusLife.html; sourceTree = "<group>"; };
		65D4CF291907527A00C02A76 /* clevelandInfo.html */ = {isa = PBXFileReference; fileEncoding = 4; lastKnownFileType = text.html; name = clevelandInfo.html; path = ../clevelandInfo.html; sourceTree = "<group>"; };
		65D4CF2A1907527A00C02A76 /* fastFacts.html */ = {isa = PBXFileReference; fileEncoding = 4; lastKnownFileType = text.html; name = fastFacts.html; path = ../fastFacts.html; sourceTree = "<group>"; };
		65D4CF2B1907527A00C02A76 /* generalAbout.html */ = {isa = PBXFileReference; fileEncoding = 4; lastKnownFileType = text.html; name = generalAbout.html; path = ../generalAbout.html; sourceTree = "<group>"; };
		65D4CF2C1907527A00C02A76 /* missionInfo.html */ = {isa = PBXFileReference; fileEncoding = 4; lastKnownFileType = text.html; name = missionInfo.html; path = ../missionInfo.html; sourceTree = "<group>"; };
		65D4CF331907555200C02A76 /* titlepage_cwrutour_edited.png */ = {isa = PBXFileReference; lastKnownFileType = image.png; path = titlepage_cwrutour_edited.png; sourceTree = "<group>"; };
		65D4CF39190760DB00C02A76 /* city_tab_cwrutour_take2.png */ = {isa = PBXFileReference; lastKnownFileType = image.png; path = city_tab_cwrutour_take2.png; sourceTree = "<group>"; };
		65DADEC318FEFCFA00C124CC /* GeneralInfoViewController.h */ = {isa = PBXFileReference; fileEncoding = 4; lastKnownFileType = sourcecode.c.h; path = GeneralInfoViewController.h; sourceTree = "<group>"; };
		65DADEC418FEFCFA00C124CC /* GeneralInfoViewController.m */ = {isa = PBXFileReference; fileEncoding = 4; lastKnownFileType = sourcecode.c.objc; path = GeneralInfoViewController.m; sourceTree = "<group>"; };
		65DADECC18FF055300C124CC /* FastFactsViewController.h */ = {isa = PBXFileReference; fileEncoding = 4; lastKnownFileType = sourcecode.c.h; path = FastFactsViewController.h; sourceTree = "<group>"; };
		65DADECD18FF055300C124CC /* FastFactsViewController.m */ = {isa = PBXFileReference; fileEncoding = 4; lastKnownFileType = sourcecode.c.objc; path = FastFactsViewController.m; sourceTree = "<group>"; };
		65DADECF18FF05A600C124CC /* ClevelandInfoViewController.h */ = {isa = PBXFileReference; fileEncoding = 4; lastKnownFileType = sourcecode.c.h; path = ClevelandInfoViewController.h; sourceTree = "<group>"; };
		65DADED018FF05A600C124CC /* ClevelandInfoViewController.m */ = {isa = PBXFileReference; fileEncoding = 4; lastKnownFileType = sourcecode.c.objc; path = ClevelandInfoViewController.m; sourceTree = "<group>"; };
		65DADED518FF060300C124CC /* MissionInfoViewController.h */ = {isa = PBXFileReference; fileEncoding = 4; lastKnownFileType = sourcecode.c.h; path = MissionInfoViewController.h; sourceTree = "<group>"; };
		65DADED618FF060300C124CC /* MissionInfoViewController.m */ = {isa = PBXFileReference; fileEncoding = 4; lastKnownFileType = sourcecode.c.objc; path = MissionInfoViewController.m; sourceTree = "<group>"; };
		65DADED818FF064C00C124CC /* CampusLifeInfoViewController.h */ = {isa = PBXFileReference; fileEncoding = 4; lastKnownFileType = sourcecode.c.h; path = CampusLifeInfoViewController.h; sourceTree = "<group>"; };
		65DADED918FF064C00C124CC /* CampusLifeInfoViewController.m */ = {isa = PBXFileReference; fileEncoding = 4; lastKnownFileType = sourcecode.c.objc; path = CampusLifeInfoViewController.m; sourceTree = "<group>"; };
/* End PBXFileReference section */

/* Begin PBXFrameworksBuildPhase section */
		651D670418B925F20017A465 /* Frameworks */ = {
			isa = PBXFrameworksBuildPhase;
			buildActionMask = 2147483647;
			files = (
				2EEAD47D18FF4F380075274E /* MapKit.framework in Frameworks */,
				2EEAD47018FF47A00075274E /* SystemConfiguration.framework in Frameworks */,
				2EEAD46E18FF478C0075274E /* QuartzCore.framework in Frameworks */,
				2EEAD46C18FF47840075274E /* OpenGLES.framework in Frameworks */,
				2EEAD46A18FF477C0075274E /* libz.dylib in Frameworks */,
				2EEAD46818FF47760075274E /* libicucore.dylib in Frameworks */,
				2EEAD46618FF47630075274E /* libc++.dylib in Frameworks */,
				2EEAD46418FF47560075274E /* ImageIO.framework in Frameworks */,
				2EEAD46218FF474F0075274E /* GLKit.framework in Frameworks */,
				2EEAD46018FF47460075274E /* CoreText.framework in Frameworks */,
				2EEAD45E18FF473E0075274E /* CoreLocation.framework in Frameworks */,
				2EEAD45C18FF47360075274E /* CoreData.framework in Frameworks */,
				2EEAD45A18FF472B0075274E /* AVFoundation.framework in Frameworks */,
				651D670D18B925F20017A465 /* CoreGraphics.framework in Frameworks */,
				651D670F18B925F20017A465 /* UIKit.framework in Frameworks */,
				2EEAD45618FF46EE0075274E /* GoogleMaps.framework in Frameworks */,
				651D670B18B925F20017A465 /* Foundation.framework in Frameworks */,
			);
			runOnlyForDeploymentPostprocessing = 0;
		};
		651D672518B925F20017A465 /* Frameworks */ = {
			isa = PBXFrameworksBuildPhase;
			buildActionMask = 2147483647;
			files = (
				651D672A18B925F20017A465 /* XCTest.framework in Frameworks */,
				651D672C18B925F20017A465 /* UIKit.framework in Frameworks */,
				651D672B18B925F20017A465 /* Foundation.framework in Frameworks */,
			);
			runOnlyForDeploymentPostprocessing = 0;
		};
/* End PBXFrameworksBuildPhase section */

/* Begin PBXGroup section */
		2EDDD04B19006EC200A581E6 /* PopupView */ = {
			isa = PBXGroup;
			children = (
				2EDDD04919006E8900A581E6 /* InfoWindow.xib */,
				2EDDD04C19006EEF00A581E6 /* CustomInfoWindow.h */,
				2EDDD04D19006EEF00A581E6 /* CustomInfoWindow.m */,
			);
			name = PopupView;
			sourceTree = "<group>";
		};
		651D66FE18B925F20017A465 = {
			isa = PBXGroup;
			children = (
				2EEAD47A18FF4ED30075274E /* newLocation.gpx */,
				651D671018B925F20017A465 /* cwru_tour */,
				651D672F18B925F20017A465 /* cwru_tourTests */,
				651D670918B925F20017A465 /* Frameworks */,
				651D670818B925F20017A465 /* Products */,
			);
			sourceTree = "<group>";
		};
		651D670818B925F20017A465 /* Products */ = {
			isa = PBXGroup;
			children = (
				651D670718B925F20017A465 /* cwru_tour.app */,
				651D672818B925F20017A465 /* cwru_tourTests.xctest */,
			);
			name = Products;
			sourceTree = "<group>";
		};
		651D670918B925F20017A465 /* Frameworks */ = {
			isa = PBXGroup;
			children = (
				2EEAD47C18FF4F380075274E /* MapKit.framework */,
				2EEAD46F18FF47A00075274E /* SystemConfiguration.framework */,
				2EEAD46D18FF478C0075274E /* QuartzCore.framework */,
				2EEAD46B18FF47840075274E /* OpenGLES.framework */,
				2EEAD46918FF477C0075274E /* libz.dylib */,
				2EEAD46718FF47760075274E /* libicucore.dylib */,
				2EEAD46518FF47630075274E /* libc++.dylib */,
				2EEAD46318FF47560075274E /* ImageIO.framework */,
				2EEAD46118FF474F0075274E /* GLKit.framework */,
				2EEAD45F18FF47460075274E /* CoreText.framework */,
				2EEAD45D18FF473E0075274E /* CoreLocation.framework */,
				2EEAD45B18FF47360075274E /* CoreData.framework */,
				2EEAD45918FF472B0075274E /* AVFoundation.framework */,
				2EEAD45718FF471C0075274E /* GoogleMaps.bundle */,
				2EEAD45518FF46EE0075274E /* GoogleMaps.framework */,
				651D670A18B925F20017A465 /* Foundation.framework */,
				651D670C18B925F20017A465 /* CoreGraphics.framework */,
				651D670E18B925F20017A465 /* UIKit.framework */,
				651D672918B925F20017A465 /* XCTest.framework */,
			);
			name = Frameworks;
			sourceTree = "<group>";
		};
		651D671018B925F20017A465 /* cwru_tour */ = {
			isa = PBXGroup;
			children = (
				6570269518C2A05000B3E41D /* Pictures */,
				6570268E18C1518300B3E41D /* Second Tier */,
				651D671918B925F20017A465 /* AppDelegate.h */,
				651D671A18B925F20017A465 /* AppDelegate.m */,
				2EDDD0651901ECCD00A581E6 /* routesList.txt */,
				2EDDD0551900C39E00A581E6 /* buildingList.txt */,
				65D4CF32190752A100C02A76 /* html files */,
				2EDDD0581900D13600A581E6 /* Building.xcdatamodeld */,
				651D671C18B925F20017A465 /* Main.storyboard */,
				651D671F18B925F20017A465 /* ViewController.h */,
				651D672018B925F20017A465 /* ViewController.m */,
				651D672218B925F20017A465 /* Images.xcassets */,
				651D671118B925F20017A465 /* Supporting Files */,
			);
			path = cwru_tour;
			sourceTree = "<group>";
		};
		651D671118B925F20017A465 /* Supporting Files */ = {
			isa = PBXGroup;
			children = (
				651D671218B925F20017A465 /* cwru_tour-Info.plist */,
				651D671318B925F20017A465 /* InfoPlist.strings */,
				651D671618B925F20017A465 /* main.m */,
				651D671818B925F20017A465 /* cwru_tour-Prefix.pch */,
			);
			name = "Supporting Files";
			sourceTree = "<group>";
		};
		651D672F18B925F20017A465 /* cwru_tourTests */ = {
			isa = PBXGroup;
			children = (
				651D673518B925F20017A465 /* cwru_tourTests.m */,
				651D673018B925F20017A465 /* Supporting Files */,
			);
			path = cwru_tourTests;
			sourceTree = "<group>";
		};
		651D673018B925F20017A465 /* Supporting Files */ = {
			isa = PBXGroup;
			children = (
				651D673118B925F20017A465 /* cwru_tourTests-Info.plist */,
				651D673218B925F20017A465 /* InfoPlist.strings */,
			);
			name = "Supporting Files";
			sourceTree = "<group>";
		};
		6570268E18C1518300B3E41D /* Second Tier */ = {
			isa = PBXGroup;
			children = (
				65CB7D7718CB9931008CA02E /* GeneralInfoList */,
				65CB7D7618CB9922008CA02E /* TourList */,
				65CB7D7518CB9914008CA02E /* BuildingList */,
			);
			name = "Second Tier";
			sourceTree = "<group>";
		};
		6570269518C2A05000B3E41D /* Pictures */ = {
			isa = PBXGroup;
			children = (
				2E6D9E3C1908832A00924354 /* textbubblepic.png */,
				65D4CF361907558000C02A76 /* Tour Type Pics */,
				65D4CF351907556700C02A76 /* About Pics */,
				65965F5D1905E94800A9FD32 /* Tabs */,
				65D4CF331907555200C02A76 /* titlepage_cwrutour_edited.png */,
				65836A5818E06B970002FAD1 /* cwruSunTestPic.png */,
				6570269618C2A64A00B3E41D /* college-photo_8808..jpg */,
			);
			name = Pictures;
			sourceTree = "<group>";
		};
		65965F5D1905E94800A9FD32 /* Tabs */ = {
			isa = PBXGroup;
			children = (
				65D4CF39190760DB00C02A76 /* city_tab_cwrutour_take2.png */,
				65965F5E1905E98C00A9FD32 /* cwrutourlog_tab_cwrutour.png */,
				65965F6619071B4000A9FD32 /* mappin__tab_cwrutour.png */,
				65965F5B1905E8FA00A9FD32 /* risingsun_tab_cwrutour.png */,
				65965F591905E8E500A9FD32 /* city_tab_cwrutour.png */,
			);
			name = Tabs;
			sourceTree = "<group>";
		};
		65CB7D7518CB9914008CA02E /* BuildingList */ = {
			isa = PBXGroup;
			children = (
				2EDDD0621900E9F600A581E6 /* BuildingDescriptionViewController.h */,
				2EDDD0631900E9F600A581E6 /* BuildingDescriptionViewController.m */,
				651D673F18BA70800017A465 /* BuildingsViewController.h */,
				651D674018BA70800017A465 /* BuildingsViewController.m */,
				2EDDD0521900C0A000A581E6 /* Building.h */,
				2EDDD0531900C0A000A581E6 /* Building.m */,
				2EDF006619043ED20033D0D8 /* DirectionsViewController.h */,
				2EDF006719043ED20033D0D8 /* DirectionsViewController.m */,
			);
			name = BuildingList;
			sourceTree = "<group>";
		};
		65CB7D7618CB9922008CA02E /* TourList */ = {
			isa = PBXGroup;
			children = (
				2EDDD04B19006EC200A581E6 /* PopupView */,
				2EEAD48118FF5E9D0075274E /* MDDirectionService.h */,
				2EEAD48218FF5E9D0075274E /* MDDirectionService.m */,
				65CB7D7818CB9A54008CA02E /* GuidedTourViewController.h */,
				65CB7D7918CB9A54008CA02E /* GuidedTourViewController.m */,
				2EDDD0671901F4CD00A581E6 /* Route.h */,
				2EDDD0681901F4CD00A581E6 /* Route.m */,
				6570268F18C15C8200B3E41D /* TourViewController.h */,
				6570269018C15C8200B3E41D /* TourViewController.m */,
				65CB7D7B18CB9A84008CA02E /* FreeRoamViewController.h */,
				65CB7D7C18CB9A84008CA02E /* FreeRoamViewController.m */,
				2EEAD47118FF49290075274E /* DisplayTourMapViewController.h */,
				2EEAD47218FF49290075274E /* DisplayTourMapViewController.m */,
				2EEAD47E18FF5E5A0075274E /* Landmark.h */,
				2EEAD47F18FF5E5A0075274E /* Landmark.m */,
			);
			name = TourList;
			sourceTree = "<group>";
		};
		65CB7D7718CB9931008CA02E /* GeneralInfoList */ = {
			isa = PBXGroup;
			children = (
				6570269218C1601300B3E41D /* AboutInfoViewController.h */,
				6570269318C1601300B3E41D /* AboutInfoViewController.m */,
				65DADEC318FEFCFA00C124CC /* GeneralInfoViewController.h */,
				65DADEC418FEFCFA00C124CC /* GeneralInfoViewController.m */,
				65DADECC18FF055300C124CC /* FastFactsViewController.h */,
				65DADECD18FF055300C124CC /* FastFactsViewController.m */,
				65DADECF18FF05A600C124CC /* ClevelandInfoViewController.h */,
				65DADED018FF05A600C124CC /* ClevelandInfoViewController.m */,
				65DADED518FF060300C124CC /* MissionInfoViewController.h */,
				65DADED618FF060300C124CC /* MissionInfoViewController.m */,
				65DADED818FF064C00C124CC /* CampusLifeInfoViewController.h */,
				65DADED918FF064C00C124CC /* CampusLifeInfoViewController.m */,
			);
			name = GeneralInfoList;
			sourceTree = "<group>";
		};
		65D4CF32190752A100C02A76 /* html files */ = {
			isa = PBXGroup;
			children = (
				65D4CF281907527A00C02A76 /* campusLife.html */,
				65D4CF291907527A00C02A76 /* clevelandInfo.html */,
				65D4CF2A1907527A00C02A76 /* fastFacts.html */,
				65D4CF2B1907527A00C02A76 /* generalAbout.html */,
				65D4CF2C1907527A00C02A76 /* missionInfo.html */,
			);
			name = "html files";
			sourceTree = "<group>";
		};
		65D4CF351907556700C02A76 /* About Pics */ = {
			isa = PBXGroup;
			children = (
				65D28EA818F229FC00A922E8 /* cleveland_cwrutour_edited.png */,
				65D28EA418F222CA00A922E8 /* pbl_cwrutour_edited.png */,
				65D28E9A18F1E5EA00A922E8 /* ksl_cwrutour_edited.png */,
			);
			name = "About Pics";
			sourceTree = "<group>";
		};
		65D4CF361907558000C02A76 /* Tour Type Pics */ = {
			isa = PBXGroup;
			children = (
				65D28E9C18F1F0FB00A922E8 /* binary_walkway_cwrutour_general.png */,
				65965F571905E79300A9FD32 /* sign_up_cwrutour_edited.png */,
				65965F531905E76D00A9FD32 /* freeroam_cwrutour_edited.png */,
				65965F541905E76D00A9FD32 /* guided_tour_cwrutour_edited.png */,
				65D28EA618F226CD00A922E8 /* students_with_church_cwrutour_edited.png */,
			);
			name = "Tour Type Pics";
			sourceTree = "<group>";
		};
/* End PBXGroup section */

/* Begin PBXNativeTarget section */
		651D670618B925F20017A465 /* cwru_tour */ = {
			isa = PBXNativeTarget;
			buildConfigurationList = 651D673918B925F20017A465 /* Build configuration list for PBXNativeTarget "cwru_tour" */;
			buildPhases = (
				651D670318B925F20017A465 /* Sources */,
				651D670418B925F20017A465 /* Frameworks */,
				651D670518B925F20017A465 /* Resources */,
			);
			buildRules = (
			);
			dependencies = (
			);
			name = cwru_tour;
			productName = cwru_tour;
			productReference = 651D670718B925F20017A465 /* cwru_tour.app */;
			productType = "com.apple.product-type.application";
		};
		651D672718B925F20017A465 /* cwru_tourTests */ = {
			isa = PBXNativeTarget;
			buildConfigurationList = 651D673C18B925F20017A465 /* Build configuration list for PBXNativeTarget "cwru_tourTests" */;
			buildPhases = (
				651D672418B925F20017A465 /* Sources */,
				651D672518B925F20017A465 /* Frameworks */,
				651D672618B925F20017A465 /* Resources */,
			);
			buildRules = (
			);
			dependencies = (
				651D672E18B925F20017A465 /* PBXTargetDependency */,
			);
			name = cwru_tourTests;
			productName = cwru_tourTests;
			productReference = 651D672818B925F20017A465 /* cwru_tourTests.xctest */;
			productType = "com.apple.product-type.bundle.unit-test";
		};
/* End PBXNativeTarget section */

/* Begin PBXProject section */
		651D66FF18B925F20017A465 /* Project object */ = {
			isa = PBXProject;
			attributes = {
				LastUpgradeCheck = 0500;
				ORGANIZATIONNAME = "Heath Hudgins";
				TargetAttributes = {
					651D672718B925F20017A465 = {
						TestTargetID = 651D670618B925F20017A465;
					};
				};
			};
			buildConfigurationList = 651D670218B925F20017A465 /* Build configuration list for PBXProject "cwru_tour" */;
			compatibilityVersion = "Xcode 3.2";
			developmentRegion = English;
			hasScannedForEncodings = 0;
			knownRegions = (
				en,
				Base,
			);
			mainGroup = 651D66FE18B925F20017A465;
			productRefGroup = 651D670818B925F20017A465 /* Products */;
			projectDirPath = "";
			projectRoot = "";
			targets = (
				651D670618B925F20017A465 /* cwru_tour */,
				651D672718B925F20017A465 /* cwru_tourTests */,
			);
		};
/* End PBXProject section */

/* Begin PBXResourcesBuildPhase section */
		651D670518B925F20017A465 /* Resources */ = {
			isa = PBXResourcesBuildPhase;
			buildActionMask = 2147483647;
			files = (
				2EDDD05B1900D7C600A581E6 /* Building.xcdatamodeld in Resources */,
				65965F5C1905E8FA00A9FD32 /* risingsun_tab_cwrutour.png in Resources */,
				2EDDD0561900C39E00A581E6 /* buildingList.txt in Resources */,
				65D28EA918F229FC00A922E8 /* cleveland_cwrutour_edited.png in Resources */,
				65965F5A1905E8E500A9FD32 /* city_tab_cwrutour.png in Resources */,
				65D28E9D18F1F0FB00A922E8 /* binary_walkway_cwrutour_general.png in Resources */,
				651D672318B925F20017A465 /* Images.xcassets in Resources */,
				65965F6719071B4000A9FD32 /* mappin__tab_cwrutour.png in Resources */,
				2E6D9E3D1908832A00924354 /* textbubblepic.png in Resources */,
				2EEAD45818FF471C0075274E /* GoogleMaps.bundle in Resources */,
				65D4CF301907527A00C02A76 /* generalAbout.html in Resources */,
				65D28EA718F226CD00A922E8 /* students_with_church_cwrutour_edited.png in Resources */,
				65D4CF341907555200C02A76 /* titlepage_cwrutour_edited.png in Resources */,
				65D4CF2F1907527A00C02A76 /* fastFacts.html in Resources */,
				65965F5F1905E98C00A9FD32 /* cwrutourlog_tab_cwrutour.png in Resources */,
				2EDDD04A19006E8900A581E6 /* InfoWindow.xib in Resources */,
				2EDDD0661901ECCD00A581E6 /* routesList.txt in Resources */,
				6570269718C2A64A00B3E41D /* college-photo_8808..jpg in Resources */,
				65836A5918E06B970002FAD1 /* cwruSunTestPic.png in Resources */,
				65D4CF311907527A00C02A76 /* missionInfo.html in Resources */,
				65965F581905E79300A9FD32 /* sign_up_cwrutour_edited.png in Resources */,
				65965F561905E76D00A9FD32 /* guided_tour_cwrutour_edited.png in Resources */,
				2EEAD47B18FF4ED30075274E /* newLocation.gpx in Resources */,
				65965F551905E76D00A9FD32 /* freeroam_cwrutour_edited.png in Resources */,
				65D4CF3A190760DB00C02A76 /* city_tab_cwrutour_take2.png in Resources */,
				65D28E9B18F1E5EA00A922E8 /* ksl_cwrutour_edited.png in Resources */,
				65D4CF2D1907527A00C02A76 /* campusLife.html in Resources */,
				651D671518B925F20017A465 /* InfoPlist.strings in Resources */,
				651D671E18B925F20017A465 /* Main.storyboard in Resources */,
				65D28EA518F222CA00A922E8 /* pbl_cwrutour_edited.png in Resources */,
				65D4CF2E1907527A00C02A76 /* clevelandInfo.html in Resources */,
			);
			runOnlyForDeploymentPostprocessing = 0;
		};
		651D672618B925F20017A465 /* Resources */ = {
			isa = PBXResourcesBuildPhase;
			buildActionMask = 2147483647;
			files = (
				651D673418B925F20017A465 /* InfoPlist.strings in Resources */,
			);
			runOnlyForDeploymentPostprocessing = 0;
		};
/* End PBXResourcesBuildPhase section */

/* Begin PBXSourcesBuildPhase section */
		651D670318B925F20017A465 /* Sources */ = {
			isa = PBXSourcesBuildPhase;
			buildActionMask = 2147483647;
			files = (
				2EDDD04E19006EEF00A581E6 /* CustomInfoWindow.m in Sources */,
				65CB7D7A18CB9A54008CA02E /* GuidedTourViewController.m in Sources */,
				65DADEDA18FF064C00C124CC /* CampusLifeInfoViewController.m in Sources */,
				2EDDD0641900E9F600A581E6 /* BuildingDescriptionViewController.m in Sources */,
				65DADED118FF05A600C124CC /* ClevelandInfoViewController.m in Sources */,
				65DADED718FF060300C124CC /* MissionInfoViewController.m in Sources */,
				2EDDD0691901F4CD00A581E6 /* Route.m in Sources */,
				65CB7D7D18CB9A84008CA02E /* FreeRoamViewController.m in Sources */,
				651D674118BA70800017A465 /* BuildingsViewController.m in Sources */,
				2EEAD48318FF5E9D0075274E /* MDDirectionService.m in Sources */,
				2EDF006819043ED20033D0D8 /* DirectionsViewController.m in Sources */,
				65DADEC518FEFCFA00C124CC /* GeneralInfoViewController.m in Sources */,
				651D672118B925F20017A465 /* ViewController.m in Sources */,
				6570269418C1601300B3E41D /* AboutInfoViewController.m in Sources */,
				2EDDD0541900C0A000A581E6 /* Building.m in Sources */,
				65DADECE18FF055300C124CC /* FastFactsViewController.m in Sources */,
				651D671B18B925F20017A465 /* AppDelegate.m in Sources */,
				651D671718B925F20017A465 /* main.m in Sources */,
				6570269118C15C8200B3E41D /* TourViewController.m in Sources */,
				2EEAD47318FF49290075274E /* DisplayTourMapViewController.m in Sources */,
				2EDDD05A1900D13600A581E6 /* Building.xcdatamodeld in Sources */,
				2EEAD48018FF5E5A0075274E /* Landmark.m in Sources */,
			);
			runOnlyForDeploymentPostprocessing = 0;
		};
		651D672418B925F20017A465 /* Sources */ = {
			isa = PBXSourcesBuildPhase;
			buildActionMask = 2147483647;
			files = (
				651D673618B925F20017A465 /* cwru_tourTests.m in Sources */,
			);
			runOnlyForDeploymentPostprocessing = 0;
		};
/* End PBXSourcesBuildPhase section */

/* Begin PBXTargetDependency section */
		651D672E18B925F20017A465 /* PBXTargetDependency */ = {
			isa = PBXTargetDependency;
			target = 651D670618B925F20017A465 /* cwru_tour */;
			targetProxy = 651D672D18B925F20017A465 /* PBXContainerItemProxy */;
		};
/* End PBXTargetDependency section */

/* Begin PBXVariantGroup section */
		651D671318B925F20017A465 /* InfoPlist.strings */ = {
			isa = PBXVariantGroup;
			children = (
				651D671418B925F20017A465 /* en */,
			);
			name = InfoPlist.strings;
			sourceTree = "<group>";
		};
		651D671C18B925F20017A465 /* Main.storyboard */ = {
			isa = PBXVariantGroup;
			children = (
				651D671D18B925F20017A465 /* Base */,
			);
			name = Main.storyboard;
			sourceTree = "<group>";
		};
		651D673218B925F20017A465 /* InfoPlist.strings */ = {
			isa = PBXVariantGroup;
			children = (
				651D673318B925F20017A465 /* en */,
			);
			name = InfoPlist.strings;
			sourceTree = "<group>";
		};
/* End PBXVariantGroup section */

/* Begin XCBuildConfiguration section */
		651D673718B925F20017A465 /* Debug */ = {
			isa = XCBuildConfiguration;
			buildSettings = {
				ALWAYS_SEARCH_USER_PATHS = NO;
				ARCHS = "$(ARCHS_STANDARD_INCLUDING_64_BIT)";
				CLANG_CXX_LANGUAGE_STANDARD = "gnu++0x";
				CLANG_CXX_LIBRARY = "libc++";
				CLANG_ENABLE_MODULES = YES;
				CLANG_ENABLE_OBJC_ARC = YES;
				CLANG_WARN_BOOL_CONVERSION = YES;
				CLANG_WARN_CONSTANT_CONVERSION = YES;
				CLANG_WARN_DIRECT_OBJC_ISA_USAGE = YES_ERROR;
				CLANG_WARN_EMPTY_BODY = YES;
				CLANG_WARN_ENUM_CONVERSION = YES;
				CLANG_WARN_INT_CONVERSION = YES;
				CLANG_WARN_OBJC_ROOT_CLASS = YES_ERROR;
				CLANG_WARN__DUPLICATE_METHOD_MATCH = YES;
				"CODE_SIGN_IDENTITY[sdk=iphoneos*]" = "iPhone Developer";
				COPY_PHASE_STRIP = NO;
				GCC_C_LANGUAGE_STANDARD = gnu99;
				GCC_DYNAMIC_NO_PIC = NO;
				GCC_OPTIMIZATION_LEVEL = 0;
				GCC_PREPROCESSOR_DEFINITIONS = (
					"DEBUG=1",
					"$(inherited)",
				);
				GCC_SYMBOLS_PRIVATE_EXTERN = NO;
				GCC_WARN_64_TO_32_BIT_CONVERSION = YES;
				GCC_WARN_ABOUT_RETURN_TYPE = YES_ERROR;
				GCC_WARN_UNDECLARED_SELECTOR = YES;
				GCC_WARN_UNINITIALIZED_AUTOS = YES;
				GCC_WARN_UNUSED_FUNCTION = YES;
				GCC_WARN_UNUSED_VARIABLE = YES;
				IPHONEOS_DEPLOYMENT_TARGET = 7.0;
				ONLY_ACTIVE_ARCH = YES;
				"OTHER_LDFLAGS[arch=*]" = "-ObjC";
				SDKROOT = iphoneos;
			};
			name = Debug;
		};
		651D673818B925F20017A465 /* Release */ = {
			isa = XCBuildConfiguration;
			buildSettings = {
				ALWAYS_SEARCH_USER_PATHS = NO;
				ARCHS = "$(ARCHS_STANDARD_INCLUDING_64_BIT)";
				CLANG_CXX_LANGUAGE_STANDARD = "gnu++0x";
				CLANG_CXX_LIBRARY = "libc++";
				CLANG_ENABLE_MODULES = YES;
				CLANG_ENABLE_OBJC_ARC = YES;
				CLANG_WARN_BOOL_CONVERSION = YES;
				CLANG_WARN_CONSTANT_CONVERSION = YES;
				CLANG_WARN_DIRECT_OBJC_ISA_USAGE = YES_ERROR;
				CLANG_WARN_EMPTY_BODY = YES;
				CLANG_WARN_ENUM_CONVERSION = YES;
				CLANG_WARN_INT_CONVERSION = YES;
				CLANG_WARN_OBJC_ROOT_CLASS = YES_ERROR;
				CLANG_WARN__DUPLICATE_METHOD_MATCH = YES;
				"CODE_SIGN_IDENTITY[sdk=iphoneos*]" = "iPhone Developer";
				COPY_PHASE_STRIP = YES;
				ENABLE_NS_ASSERTIONS = NO;
				GCC_C_LANGUAGE_STANDARD = gnu99;
				GCC_WARN_64_TO_32_BIT_CONVERSION = YES;
				GCC_WARN_ABOUT_RETURN_TYPE = YES_ERROR;
				GCC_WARN_UNDECLARED_SELECTOR = YES;
				GCC_WARN_UNINITIALIZED_AUTOS = YES;
				GCC_WARN_UNUSED_FUNCTION = YES;
				GCC_WARN_UNUSED_VARIABLE = YES;
				IPHONEOS_DEPLOYMENT_TARGET = 7.0;
				SDKROOT = iphoneos;
				VALIDATE_PRODUCT = YES;
			};
			name = Release;
		};
		651D673A18B925F20017A465 /* Debug */ = {
			isa = XCBuildConfiguration;
			buildSettings = {
				ASSETCATALOG_COMPILER_APPICON_NAME = AppIcon;
				ASSETCATALOG_COMPILER_LAUNCHIMAGE_NAME = LaunchImage;
				CODE_SIGN_IDENTITY = "iPhone Developer";
				FRAMEWORK_SEARCH_PATHS = (
					"$(inherited)",
					"$(PROJECT_DIR)",
				);
				GCC_PRECOMPILE_PREFIX_HEADER = YES;
				GCC_PREFIX_HEADER = "cwru_tour/cwru_tour-Prefix.pch";
				INFOPLIST_FILE = "cwru_tour/cwru_tour-Info.plist";
				PRODUCT_NAME = "$(TARGET_NAME)";
				STRIP_INSTALLED_PRODUCT = YES;
				WRAPPER_EXTENSION = app;
			};
			name = Debug;
		};
		651D673B18B925F20017A465 /* Release */ = {
			isa = XCBuildConfiguration;
			buildSettings = {
				ASSETCATALOG_COMPILER_APPICON_NAME = AppIcon;
				ASSETCATALOG_COMPILER_LAUNCHIMAGE_NAME = LaunchImage;
				CODE_SIGN_IDENTITY = "iPhone Developer";
				FRAMEWORK_SEARCH_PATHS = (
					"$(inherited)",
					"$(PROJECT_DIR)",
				);
				GCC_PRECOMPILE_PREFIX_HEADER = YES;
				GCC_PREFIX_HEADER = "cwru_tour/cwru_tour-Prefix.pch";
				INFOPLIST_FILE = "cwru_tour/cwru_tour-Info.plist";
				PRODUCT_NAME = "$(TARGET_NAME)";
				STRIP_INSTALLED_PRODUCT = YES;
				WRAPPER_EXTENSION = app;
			};
			name = Release;
		};
		651D673D18B925F20017A465 /* Debug */ = {
			isa = XCBuildConfiguration;
			buildSettings = {
				ARCHS = "$(ARCHS_STANDARD_INCLUDING_64_BIT)";
				BUNDLE_LOADER = "$(BUILT_PRODUCTS_DIR)/cwru_tour.app/cwru_tour";
				FRAMEWORK_SEARCH_PATHS = (
					"$(SDKROOT)/Developer/Library/Frameworks",
					"$(inherited)",
					"$(DEVELOPER_FRAMEWORKS_DIR)",
				);
				GCC_PRECOMPILE_PREFIX_HEADER = YES;
				GCC_PREFIX_HEADER = "cwru_tour/cwru_tour-Prefix.pch";
				GCC_PREPROCESSOR_DEFINITIONS = (
					"DEBUG=1",
					"$(inherited)",
				);
				INFOPLIST_FILE = "cwru_tourTests/cwru_tourTests-Info.plist";
				PRODUCT_NAME = "$(TARGET_NAME)";
				TEST_HOST = "$(BUNDLE_LOADER)";
				WRAPPER_EXTENSION = xctest;
			};
			name = Debug;
		};
		651D673E18B925F20017A465 /* Release */ = {
			isa = XCBuildConfiguration;
			buildSettings = {
				ARCHS = "$(ARCHS_STANDARD_INCLUDING_64_BIT)";
				BUNDLE_LOADER = "$(BUILT_PRODUCTS_DIR)/cwru_tour.app/cwru_tour";
				FRAMEWORK_SEARCH_PATHS = (
					"$(SDKROOT)/Developer/Library/Frameworks",
					"$(inherited)",
					"$(DEVELOPER_FRAMEWORKS_DIR)",
				);
				GCC_PRECOMPILE_PREFIX_HEADER = YES;
				GCC_PREFIX_HEADER = "cwru_tour/cwru_tour-Prefix.pch";
				INFOPLIST_FILE = "cwru_tourTests/cwru_tourTests-Info.plist";
				PRODUCT_NAME = "$(TARGET_NAME)";
				TEST_HOST = "$(BUNDLE_LOADER)";
				WRAPPER_EXTENSION = xctest;
			};
			name = Release;
		};
/* End XCBuildConfiguration section */

/* Begin XCConfigurationList section */
		651D670218B925F20017A465 /* Build configuration list for PBXProject "cwru_tour" */ = {
			isa = XCConfigurationList;
			buildConfigurations = (
				651D673718B925F20017A465 /* Debug */,
				651D673818B925F20017A465 /* Release */,
			);
			defaultConfigurationIsVisible = 0;
			defaultConfigurationName = Release;
		};
		651D673918B925F20017A465 /* Build configuration list for PBXNativeTarget "cwru_tour" */ = {
			isa = XCConfigurationList;
			buildConfigurations = (
				651D673A18B925F20017A465 /* Debug */,
				651D673B18B925F20017A465 /* Release */,
			);
			defaultConfigurationIsVisible = 0;
			defaultConfigurationName = Release;
		};
		651D673C18B925F20017A465 /* Build configuration list for PBXNativeTarget "cwru_tourTests" */ = {
			isa = XCConfigurationList;
			buildConfigurations = (
				651D673D18B925F20017A465 /* Debug */,
				651D673E18B925F20017A465 /* Release */,
			);
			defaultConfigurationIsVisible = 0;
			defaultConfigurationName = Release;
		};
/* End XCConfigurationList section */

/* Begin XCVersionGroup section */
		2EDDD0581900D13600A581E6 /* Building.xcdatamodeld */ = {
			isa = XCVersionGroup;
			children = (
				2EDDD0591900D13600A581E6 /* Building.xcdatamodel */,
			);
			currentVersion = 2EDDD0591900D13600A581E6 /* Building.xcdatamodel */;
			name = Building.xcdatamodeld;
			path = ../Building.xcdatamodeld;
			sourceTree = "<group>";
			versionGroupType = wrapper.xcdatamodel;
		};
/* End XCVersionGroup section */
	};
	rootObject = 651D66FF18B925F20017A465 /* Project object */;
}
